
Microsoft Visual Studio Solution File, Format Version 12.00
# Visual Studio Version 17
VisualStudioVersion = 17.13.35828.75 d17.13
MinimumVisualStudioVersion = 10.0.40219.1
Project("{FAE04EC0-301F-11D3-BF4B-00C04F79EFBC}") = "MauiApp2", "MauiApp2\MauiApp2.csproj", "{E4BC21A0-E979-4600-B43D-4BF03AD0866A}"
EndProject
Global
	GlobalSection(SolutionConfigurationPlatforms) = preSolution
		Debug|Any CPU = Debug|Any CPU
		Release|Any CPU = Release|Any CPU
	EndGlobalSection
	GlobalSection(ProjectConfigurationPlatforms) = postSolution
		{E4BC21A0-E979-4600-B43D-4BF03AD0866A}.Debug|Any CPU.ActiveCfg = Debug|Any CPU
		{E4BC21A0-E979-4600-B43D-4BF03AD0866A}.Debug|Any CPU.Build.0 = Debug|Any CPU
		{E4BC21A0-E979-4600-B43D-4BF03AD0866A}.Release|Any CPU.ActiveCfg = Release|Any CPU
		{E4BC21A0-E979-4600-B43D-4BF03AD0866A}.Release|Any CPU.Build.0 = Release|Any CPU
	EndGlobalSection
	GlobalSection(SolutionProperties) = preSolution
		HideSolutionNode = FALSE
	EndGlobalSection
	GlobalSection(ExtensibilityGlobals) = postSolution
		SolutionGuid = {CC36515B-1DDA-4EA9-AE36-7BEFF252B716}
	EndGlobalSection
EndGlobal
